
Microsoft Visual Studio Solution File, Format Version 12.00
# Visual Studio Version 17
VisualStudioVersion = 17.11.35312.102
MinimumVisualStudioVersion = 10.0.40219.1
Project("{9A19103F-16F7-4668-BE54-9A1E7A4F7556}") = "Vakantiepark Area42", "Vakantiepark Area42.csproj", "{68B1825E-91C3-4324-8C8E-6E292F1FDFD2}"
EndProject
Global
	GlobalSection(SolutionConfigurationPlatforms) = preSolution
		Debug|Any CPU = Debug|Any CPU
		Release|Any CPU = Release|Any CPU
	EndGlobalSection
	GlobalSection(ProjectConfigurationPlatforms) = postSolution
		{68B1825E-91C3-4324-8C8E-6E292F1FDFD2}.Debug|Any CPU.ActiveCfg = Debug|Any CPU
		{68B1825E-91C3-4324-8C8E-6E292F1FDFD2}.Debug|Any CPU.Build.0 = Debug|Any CPU
		{68B1825E-91C3-4324-8C8E-6E292F1FDFD2}.Release|Any CPU.ActiveCfg = Release|Any CPU
		{68B1825E-91C3-4324-8C8E-6E292F1FDFD2}.Release|Any CPU.Build.0 = Release|Any CPU
	EndGlobalSection
	GlobalSection(SolutionProperties) = preSolution
		HideSolutionNode = FALSE
	EndGlobalSection
	GlobalSection(ExtensibilityGlobals) = postSolution
		SolutionGuid = {DAB4374B-6146-4606-9AAF-61C5CC4C6C5F}
	EndGlobalSection
EndGlobal
