
Microsoft Visual Studio Solution File, Format Version 12.00
# Visual Studio Version 17
VisualStudioVersion = 17.13.35828.75
MinimumVisualStudioVersion = 10.0.40219.1
Project("{FAE04EC0-301F-11D3-BF4B-00C04F79EFBC}") = "VPA.Website", "VPA.Website\VPA.Website.csproj", "{57C01425-29FC-2AA6-0DA5-40ABC5DFD9F5}"
EndProject
Project("{FAE04EC0-301F-11D3-BF4B-00C04F79EFBC}") = "VPA.Abstractions", "..\Common\VPA.Abstractions\VPA.Abstractions.csproj", "{8495F8A8-DD40-F4A2-33A2-2391233CD5E7}"
EndProject
Project("{FAE04EC0-301F-11D3-BF4B-00C04F79EFBC}") = "VPA.Models", "..\Common\VPA.Models\VPA.Models.csproj", "{0EE11B2E-E94E-E5A3-AEDE-392E66D54CC2}"
EndProject
Global
	GlobalSection(SolutionConfigurationPlatforms) = preSolution
		Debug|Any CPU = Debug|Any CPU
		Release|Any CPU = Release|Any CPU
	EndGlobalSection
	GlobalSection(ProjectConfigurationPlatforms) = postSolution
		{57C01425-29FC-2AA6-0DA5-40ABC5DFD9F5}.Debug|Any CPU.ActiveCfg = Debug|Any CPU
		{57C01425-29FC-2AA6-0DA5-40ABC5DFD9F5}.Debug|Any CPU.Build.0 = Debug|Any CPU
		{57C01425-29FC-2AA6-0DA5-40ABC5DFD9F5}.Release|Any CPU.ActiveCfg = Release|Any CPU
		{57C01425-29FC-2AA6-0DA5-40ABC5DFD9F5}.Release|Any CPU.Build.0 = Release|Any CPU
		{8495F8A8-DD40-F4A2-33A2-2391233CD5E7}.Debug|Any CPU.ActiveCfg = Debug|Any CPU
		{8495F8A8-DD40-F4A2-33A2-2391233CD5E7}.Debug|Any CPU.Build.0 = Debug|Any CPU
		{8495F8A8-DD40-F4A2-33A2-2391233CD5E7}.Release|Any CPU.ActiveCfg = Release|Any CPU
		{8495F8A8-DD40-F4A2-33A2-2391233CD5E7}.Release|Any CPU.Build.0 = Release|Any CPU
		{0EE11B2E-E94E-E5A3-AEDE-392E66D54CC2}.Debug|Any CPU.ActiveCfg = Debug|Any CPU
		{0EE11B2E-E94E-E5A3-AEDE-392E66D54CC2}.Debug|Any CPU.Build.0 = Debug|Any CPU
		{0EE11B2E-E94E-E5A3-AEDE-392E66D54CC2}.Release|Any CPU.ActiveCfg = Release|Any CPU
		{0EE11B2E-E94E-E5A3-AEDE-392E66D54CC2}.Release|Any CPU.Build.0 = Release|Any CPU
	EndGlobalSection
	GlobalSection(SolutionProperties) = preSolution
		HideSolutionNode = FALSE
	EndGlobalSection
	GlobalSection(ExtensibilityGlobals) = postSolution
		SolutionGuid = {487C0FB1-6F5F-4B7C-978D-539EE7489719}
	EndGlobalSection
EndGlobal
